
Microsoft Visual Studio Solution File, Format Version 12.00
Project("{FAE04EC0-301F-11D3-BF4B-00C04F79EFBC}") = "films-api", "films-api.csproj", "{EE6C0B06-1A22-4749-B0B2-DED9B28DC3A3}"
EndProject
Global
	GlobalSection(SolutionConfigurationPlatforms) = preSolution
		Debug|Any CPU = Debug|Any CPU
		Release|Any CPU = Release|Any CPU
	EndGlobalSection
	GlobalSection(ProjectConfigurationPlatforms) = postSolution
		{EE6C0B06-1A22-4749-B0B2-DED9B28DC3A3}.Debug|Any CPU.ActiveCfg = Debug|Any CPU
		{EE6C0B06-1A22-4749-B0B2-DED9B28DC3A3}.Debug|Any CPU.Build.0 = Debug|Any CPU
		{EE6C0B06-1A22-4749-B0B2-DED9B28DC3A3}.Release|Any CPU.ActiveCfg = Release|Any CPU
		{EE6C0B06-1A22-4749-B0B2-DED9B28DC3A3}.Release|Any CPU.Build.0 = Release|Any CPU
	EndGlobalSection
EndGlobal
